// !$*UTF8*$!
{
	archiveVersion = 1;
	classes = {
	};
	objectVersion = 50;
	objects = {

/* Begin PBXBuildFile section */
		F430AEA2235D009500E9E774 /* AppDelegate.swift in Sources */ = {isa = PBXBuildFile; fileRef = F430AEA1235D009500E9E774 /* AppDelegate.swift */; };
		F430AEA4235D009500E9E774 /* SceneDelegate.swift in Sources */ = {isa = PBXBuildFile; fileRef = F430AEA3235D009500E9E774 /* SceneDelegate.swift */; };
		F430AEA6235D009500E9E774 /* ContentView.swift in Sources */ = {isa = PBXBuildFile; fileRef = F430AEA5235D009500E9E774 /* ContentView.swift */; };
		F430AEA8235D009900E9E774 /* Assets.xcassets in Resources */ = {isa = PBXBuildFile; fileRef = F430AEA7235D009900E9E774 /* Assets.xcassets */; };
		F430AEAB235D009900E9E774 /* Preview Assets.xcassets in Resources */ = {isa = PBXBuildFile; fileRef = F430AEAA235D009900E9E774 /* Preview Assets.xcassets */; };
		F430AEAE235D009900E9E774 /* LaunchScreen.storyboard in Resources */ = {isa = PBXBuildFile; fileRef = F430AEAC235D009900E9E774 /* LaunchScreen.storyboard */; };
/* End PBXBuildFile section */

/* Begin PBXFileReference section */
		F430AE9E235D009500E9E774 /* DynamicListSwiftUI.app */ = {isa = PBXFileReference; explicitFileType = wrapper.application; includeInIndex = 0; path = DynamicListSwiftUI.app; sourceTree = BUILT_PRODUCTS_DIR; };
		F430AEA1235D009500E9E774 /* AppDelegate.swift */ = {isa = PBXFileReference; lastKnownFileType = sourcecode.swift; path = AppDelegate.swift; sourceTree = "<group>"; };
		F430AEA3235D009500E9E774 /* SceneDelegate.swift */ = {isa = PBXFileReference; lastKnownFileType = sourcecode.swift; path = SceneDelegate.swift; sourceTree = "<group>"; };
		F430AEA5235D009500E9E774 /* ContentView.swift */ = {isa = PBXFileReference; lastKnownFileType = sourcecode.swift; path = ContentView.swift; sourceTree = "<group>"; };
		F430AEA7235D009900E9E774 /* Assets.xcassets */ = {isa = PBXFileReference; lastKnownFileType = folder.assetcatalog; path = Assets.xcassets; sourceTree = "<group>"; };
		F430AEAA235D009900E9E774 /* Preview Assets.xcassets */ = {isa = PBXFileReference; lastKnownFileType = folder.assetcatalog; path = "Preview Assets.xcassets"; sourceTree = "<group>"; };
		F430AEAD235D009900E9E774 /* Base */ = {isa = PBXFileReference; lastKnownFileType = file.storyboard; name = Base; path = Base.lproj/LaunchScreen.storyboard; sourceTree = "<group>"; };
		F430AEAF235D009900E9E774 /* Info.plist */ = {isa = PBXFileReference; lastKnownFileType = text.plist.xml; path = Info.plist; sourceTree = "<group>"; };
/* End PBXFileReference section */

/* Begin PBXFrameworksBuildPhase section */
		F430AE9B235D009500E9E774 /* Frameworks */ = {
			isa = PBXFrameworksBuildPhase;
			buildActionMask = 2147483647;
			files = (
			);
			runOnlyForDeploymentPostprocessing = 0;
		};
/* End PBXFrameworksBuildPhase section */

/* Begin PBXGroup section */
		F430AE95235D009500E9E774 = {
			isa = PBXGroup;
			children = (
				F430AEA0235D009500E9E774 /* DynamicListSwiftUI */,
				F430AE9F235D009500E9E774 /* Products */,
			);
			sourceTree = "<group>";
		};
		F430AE9F235D009500E9E774 /* Products */ = {
			isa = PBXGroup;
			children = (
				F430AE9E235D009500E9E774 /* DynamicListSwiftUI.app */,
			);
			name = Products;
			sourceTree = "<group>";
		};
		F430AEA0235D009500E9E774 /* DynamicListSwiftUI */ = {
			isa = PBXGroup;
			children = (
				F430AEA1235D009500E9E774 /* AppDelegate.swift */,
				F430AEA3235D009500E9E774 /* SceneDelegate.swift */,
				F430AEA5235D009500E9E774 /* ContentView.swift */,
				F430AEA7235D009900E9E774 /* Assets.xcassets */,
				F430AEAC235D009900E9E774 /* LaunchScreen.storyboard */,
				F430AEAF235D009900E9E774 /* Info.plist */,
				F430AEA9235D009900E9E774 /* Preview Content */,
			);
			path = DynamicListSwiftUI;
			sourceTree = "<group>";
		};
		F430AEA9235D009900E9E774 /* Preview Content */ = {
			isa = PBXGroup;
			children = (
				F430AEAA235D009900E9E774 /* Preview Assets.xcassets */,
			);
			path = "Preview Content";
			sourceTree = "<group>";
		};
/* End PBXGroup section */

/* Begin PBXNativeTarget section */
		F430AE9D235D009500E9E774 /* DynamicListSwiftUI */ = {
			isa = PBXNativeTarget;
			buildConfigurationList = F430AEB2235D009900E9E774 /* Build configuration list for PBXNativeTarget "DynamicListSwiftUI" */;
			buildPhases = (
				F430AE9A235D009500E9E774 /* Sources */,
				F430AE9B235D009500E9E774 /* Frameworks */,
				F430AE9C235D009500E9E774 /* Resources */,
			);
			buildRules = (
			);
			dependencies = (
			);
			name = DynamicListSwiftUI;
			productName = DynamicListSwiftUI;
			productReference = F430AE9E235D009500E9E774 /* DynamicListSwiftUI.app */;
			productType = "com.apple.product-type.application";
		};
/* End PBXNativeTarget section */

/* Begin PBXProject section */
		F430AE96235D009500E9E774 /* Project object */ = {
			isa = PBXProject;
			attributes = {
				LastSwiftUpdateCheck = 1110;
				LastUpgradeCheck = 1110;
				ORGANIZATIONNAME = "Jhonatan Fernando";
				TargetAttributes = {
					F430AE9D235D009500E9E774 = {
						CreatedOnToolsVersion = 11.1;
					};
				};
			};
			buildConfigurationList = F430AE99235D009500E9E774 /* Build configuration list for PBXProject "DynamicListSwiftUI" */;
			compatibilityVersion = "Xcode 9.3";
			developmentRegion = en;
			hasScannedForEncodings = 0;
			knownRegions = (
				en,
				Base,
			);
			mainGroup = F430AE95235D009500E9E774;
			productRefGroup = F430AE9F235D009500E9E774 /* Products */;
			projectDirPath = "";
			projectRoot = "";
			targets = (
				F430AE9D235D009500E9E774 /* DynamicListSwiftUI */,
			);
		};
/* End PBXProject section */

/* Begin PBXResourcesBuildPhase section */
		F430AE9C235D009500E9E774 /* Resources */ = {
			isa = PBXResourcesBuildPhase;
			buildActionMask = 2147483647;
			files = (
				F430AEAE235D009900E9E774 /* LaunchScreen.storyboard in Resources */,
				F430AEAB235D009900E9E774 /* Preview Assets.xcassets in Resources */,
				F430AEA8235D009900E9E774 /* Assets.xcassets in Resources */,
			);
			runOnlyForDeploymentPostprocessing = 0;
		};
/* End PBXResourcesBuildPhase section */

/* Begin PBXSourcesBuildPhase section */
		F430AE9A235D009500E9E774 /* Sources */ = {
			isa = PBXSourcesBuildPhase;
			buildActionMask = 2147483647;
			files = (
				F430AEA2235D009500E9E774 /* AppDelegate.swift in Sources */,
				F430AEA4235D009500E9E774 /* SceneDelegate.swift in Sources */,
				F430AEA6235D009500E9E774 /* ContentView.swift in Sources */,
			);
			runOnlyForDeploymentPostprocessing = 0;
		};
/* End PBXSourcesBuildPhase section */

/* Begin PBXVariantGroup section */
		F430AEAC235D009900E9E774 /* LaunchScreen.storyboard */ = {
			isa = PBXVariantGroup;
			children = (
				F430AEAD235D009900E9E774 /* Base */,
			);
			name = LaunchScreen.storyboard;
			sourceTree = "<group>";
		};
/* End PBXVariantGroup section */

/* Begin XCBuildConfiguration section */
		F430AEB0235D009900E9E774 /* Debug */ = {
			isa = XCBuildConfiguration;
			buildSettings = {
				ALWAYS_SEARCH_USER_PATHS = NO;
				CLANG_ANALYZER_NONNULL = YES;
				CLANG_ANALYZER_NUMBER_OBJECT_CONVERSION = YES_AGGRESSIVE;
				CLANG_CXX_LANGUAGE_STANDARD = "gnu++14";
				CLANG_CXX_LIBRARY = "libc++";
				CLANG_ENABLE_MODULES = YES;
				CLANG_ENABLE_OBJC_ARC = YES;
				CLANG_ENABLE_OBJC_WEAK = YES;
				CLANG_WARN_BLOCK_CAPTURE_AUTORELEASING = YES;
				CLANG_WARN_BOOL_CONVERSION = YES;
				CLANG_WARN_COMMA = YES;
				CLANG_WARN_CONSTANT_CONVERSION = YES;
				CLANG_WARN_DEPRECATED_OBJC_IMPLEMENTATIONS = YES;
				CLANG_WARN_DIRECT_OBJC_ISA_USAGE = YES_ERROR;
				CLANG_WARN_DOCUMENTATION_COMMENTS = YES;
				CLANG_WARN_EMPTY_BODY = YES;
				CLANG_WARN_ENUM_CONVERSION = YES;
				CLANG_WARN_INFINITE_RECURSION = YES;
				CLANG_WARN_INT_CONVERSION = YES;
				CLANG_WARN_NON_LITERAL_NULL_CONVERSION = YES;
				CLANG_WARN_OBJC_IMPLICIT_RETAIN_SELF = YES;
				CLANG_WARN_OBJC_LITERAL_CONVERSION = YES;
				CLANG_WARN_OBJC_ROOT_CLASS = YES_ERROR;
				CLANG_WARN_RANGE_LOOP_ANALYSIS = YES;
				CLANG_WARN_STRICT_PROTOTYPES = YES;
				CLANG_WARN_SUSPICIOUS_MOVE = YES;
				CLANG_WARN_UNGUARDED_AVAILABILITY = YES_AGGRESSIVE;
				CLANG_WARN_UNREACHABLE_CODE = YES;
				CLANG_WARN__DUPLICATE_METHOD_MATCH = YES;
				COPY_PHASE_STRIP = NO;
				DEBUG_INFORMATION_FORMAT = dwarf;
				ENABLE_STRICT_OBJC_MSGSEND = YES;
				ENABLE_TESTABILITY = YES;
				GCC_C_LANGUAGE_STANDARD = gnu11;
				GCC_DYNAMIC_NO_PIC = NO;
				GCC_NO_COMMON_BLOCKS = YES;
				GCC_OPTIMIZATION_LEVEL = 0;
				GCC_PREPROCESSOR_DEFINITIONS = (
					"DEBUG=1",
					"$(inherited)",
				);
				GCC_WARN_64_TO_32_BIT_CONVERSION = YES;
				GCC_WARN_ABOUT_RETURN_TYPE = YES_ERROR;
				GCC_WARN_UNDECLARED_SELECTOR = YES;
				GCC_WARN_UNINITIALIZED_AUTOS = YES_AGGRESSIVE;
				GCC_WARN_UNUSED_FUNCTION = YES;
				GCC_WARN_UNUSED_VARIABLE = YES;
				IPHONEOS_DEPLOYMENT_TARGET = 13.1;
				MTL_ENABLE_DEBUG_INFO = INCLUDE_SOURCE;
				MTL_FAST_MATH = YES;
				ONLY_ACTIVE_ARCH = YES;
				SDKROOT = iphoneos;
				SWIFT_ACTIVE_COMPILATION_CONDITIONS = DEBUG;
				SWIFT_OPTIMIZATION_LEVEL = "-Onone";
			};
			name = Debug;
		};
		F430AEB1235D009900E9E774 /* Release */ = {
			isa = XCBuildConfiguration;
			buildSettings = {
				ALWAYS_SEARCH_USER_PATHS = NO;
				CLANG_ANALYZER_NONNULL = YES;
				CLANG_ANALYZER_NUMBER_OBJECT_CONVERSION = YES_AGGRESSIVE;
				CLANG_CXX_LANGUAGE_STANDARD = "gnu++14";
				CLANG_CXX_LIBRARY = "libc++";
				CLANG_ENABLE_MODULES = YES;
				CLANG_ENABLE_OBJC_ARC = YES;
				CLANG_ENABLE_OBJC_WEAK = YES;
				CLANG_WARN_BLOCK_CAPTURE_AUTORELEASING = YES;
				CLANG_WARN_BOOL_CONVERSION = YES;
				CLANG_WARN_COMMA = YES;
				CLANG_WARN_CONSTANT_CONVERSION = YES;
				CLANG_WARN_DEPRECATED_OBJC_IMPLEMENTATIONS = YES;
				CLANG_WARN_DIRECT_OBJC_ISA_USAGE = YES_ERROR;
				CLANG_WARN_DOCUMENTATION_COMMENTS = YES;
				CLANG_WARN_EMPTY_BODY = YES;
				CLANG_WARN_ENUM_CONVERSION = YES;
				CLANG_WARN_INFINITE_RECURSION = YES;
				CLANG_WARN_INT_CONVERSION = YES;
				CLANG_WARN_NON_LITERAL_NULL_CONVERSION = YES;
				CLANG_WARN_OBJC_IMPLICIT_RETAIN_SELF = YES;
				CLANG_WARN_OBJC_LITERAL_CONVERSION = YES;
				CLANG_WARN_OBJC_ROOT_CLASS = YES_ERROR;
				CLANG_WARN_RANGE_LOOP_ANALYSIS = YES;
				CLANG_WARN_STRICT_PROTOTYPES = YES;
				CLANG_WARN_SUSPICIOUS_MOVE = YES;
				CLANG_WARN_UNGUARDED_AVAILABILITY = YES_AGGRESSIVE;
				CLANG_WARN_UNREACHABLE_CODE = YES;
				CLANG_WARN__DUPLICATE_METHOD_MATCH = YES;
				COPY_PHASE_STRIP = NO;
				DEBUG_INFORMATION_FORMAT = "dwarf-with-dsym";
				ENABLE_NS_ASSERTIONS = NO;
				ENABLE_STRICT_OBJC_MSGSEND = YES;
				GCC_C_LANGUAGE_STANDARD = gnu11;
				GCC_NO_COMMON_BLOCKS = YES;
				GCC_WARN_64_TO_32_BIT_CONVERSION = YES;
				GCC_WARN_ABOUT_RETURN_TYPE = YES_ERROR;
				GCC_WARN_UNDECLARED_SELECTOR = YES;
				GCC_WARN_UNINITIALIZED_AUTOS = YES_AGGRESSIVE;
				GCC_WARN_UNUSED_FUNCTION = YES;
				GCC_WARN_UNUSED_VARIABLE = YES;
				IPHONEOS_DEPLOYMENT_TARGET = 13.1;
				MTL_ENABLE_DEBUG_INFO = NO;
				MTL_FAST_MATH = YES;
				SDKROOT = iphoneos;
				SWIFT_COMPILATION_MODE = wholemodule;
				SWIFT_OPTIMIZATION_LEVEL = "-O";
				VALIDATE_PRODUCT = YES;
			};
			name = Release;
		};
		F430AEB3235D009900E9E774 /* Debug */ = {
			isa = XCBuildConfiguration;
			buildSettings = {
				ASSETCATALOG_COMPILER_APPICON_NAME = AppIcon;
				CODE_SIGN_STYLE = Automatic;
				DEVELOPMENT_ASSET_PATHS = "\"DynamicListSwiftUI/Preview Content\"";
				DEVELOPMENT_TEAM = GH4ME47S88;
				ENABLE_PREVIEWS = YES;
				INFOPLIST_FILE = DynamicListSwiftUI/Info.plist;
				LD_RUNPATH_SEARCH_PATHS = (
					"$(inherited)",
					"@executable_path/Frameworks",
				);
				PRODUCT_BUNDLE_IDENTIFIER = br.com.demo.DynamicListSwiftUI;
				PRODUCT_NAME = "$(TARGET_NAME)";
				SWIFT_VERSION = 5.0;
				TARGETED_DEVICE_FAMILY = "1,2";
			};
			name = Debug;
		};
		F430AEB4235D009900E9E774 /* Release */ = {
			isa = XCBuildConfiguration;
			buildSettings = {
				ASSETCATALOG_COMPILER_APPICON_NAME = AppIcon;
				CODE_SIGN_STYLE = Automatic;
				DEVELOPMENT_ASSET_PATHS = "\"DynamicListSwiftUI/Preview Content\"";
				DEVELOPMENT_TEAM = GH4ME47S88;
				ENABLE_PREVIEWS = YES;
				INFOPLIST_FILE = DynamicListSwiftUI/Info.plist;
				LD_RUNPATH_SEARCH_PATHS = (
					"$(inherited)",
					"@executable_path/Frameworks",
				);
				PRODUCT_BUNDLE_IDENTIFIER = br.com.demo.DynamicListSwiftUI;
				PRODUCT_NAME = "$(TARGET_NAME)";
				SWIFT_VERSION = 5.0;
				TARGETED_DEVICE_FAMILY = "1,2";
			};
			name = Release;
		};
/* End XCBuildConfiguration section */

/* Begin XCConfigurationList section */
		F430AE99235D009500E9E774 /* Build configuration list for PBXProject "DynamicListSwiftUI" */ = {
			isa = XCConfigurationList;
			buildConfigurations = (
				F430AEB0235D009900E9E774 /* Debug */,
				F430AEB1235D009900E9E774 /* Release */,
			);
			defaultConfigurationIsVisible = 0;
			defaultConfigurationName = Release;
		};
		F430AEB2235D009900E9E774 /* Build configuration list for PBXNativeTarget "DynamicListSwiftUI" */ = {
			isa = XCConfigurationList;
			buildConfigurations = (
				F430AEB3235D009900E9E774 /* Debug */,
				F430AEB4235D009900E9E774 /* Release */,
			);
			defaultConfigurationIsVisible = 0;
			defaultConfigurationName = Release;
		};
/* End XCConfigurationList section */
	};
	rootObject = F430AE96235D009500E9E774 /* Project object */;
}
